# This file is autogenerated, do not edit; changes may be undone by the next 'dep ensure'.


[[projects]]
  branch = "master"
  name = "github.com/gtank/cryptopasta"
  packages = ["."]
  revision = "1f550f6f2f69009f6ae57347c188e0a67cd4e500"

[[projects]]
  name = "github.com/pkg/errors"
  packages = ["."]
  revision = "ba968bfe8b2f7e042a574c888954fccecfa385b4"
  version = "v0.8.1"

[[projects]]
  branch = "master"
  name = "golang.org/x/crypto"
  packages = [
    "bcrypt",
    "blowfish"
  ]
  revision = "614d502a4dac94afa3a6ce146bd1736da82514c6"

[solve-meta]
  analyzer-name = "dep"
  analyzer-version = 1
  inputs-digest = "9ef2ef291f86d052fb894b48016f5283faaccaf0a52f89d77d3453a0acb08650"
  solver-name = "gps-cdcl"
  solver-version = 1
